
Microsoft Visual Studio Solution File, Format Version 12.00
# Visual Studio Version 16
VisualStudioVersion = 16.0.31105.61
MinimumVisualStudioVersion = 10.0.40219.1
Project("{FAE04EC0-301F-11D3-BF4B-00C04F79EFBC}") = "ProjetoCadastrodeSeriesDIO", "ProjetoCadastrodeSeriesDIO\ProjetoCadastrodeSeriesDIO.csproj", "{646ED2BC-8253-4D67-B0D4-A41A28523B1D}"
EndProject
Global
	GlobalSection(SolutionConfigurationPlatforms) = preSolution
		Debug|Any CPU = Debug|Any CPU
		Release|Any CPU = Release|Any CPU
	EndGlobalSection
	GlobalSection(ProjectConfigurationPlatforms) = postSolution
		{646ED2BC-8253-4D67-B0D4-A41A28523B1D}.Debug|Any CPU.ActiveCfg = Debug|Any CPU
		{646ED2BC-8253-4D67-B0D4-A41A28523B1D}.Debug|Any CPU.Build.0 = Debug|Any CPU
		{646ED2BC-8253-4D67-B0D4-A41A28523B1D}.Release|Any CPU.ActiveCfg = Release|Any CPU
		{646ED2BC-8253-4D67-B0D4-A41A28523B1D}.Release|Any CPU.Build.0 = Release|Any CPU
	EndGlobalSection
	GlobalSection(SolutionProperties) = preSolution
		HideSolutionNode = FALSE
	EndGlobalSection
	GlobalSection(ExtensibilityGlobals) = postSolution
		SolutionGuid = {1B687E6F-C8D0-4E0C-8407-60FBD56DB07F}
	EndGlobalSection
EndGlobal
